// !$*UTF8*$!
{
	archiveVersion = 1;
	classes = {
	};
	objectVersion = 46;
	objects = {

/* Begin PBXBuildFile section */
		1A443BD41E28B03D007C807E /* main.m in Sources */ = {isa = PBXBuildFile; fileRef = 1A443BD31E28B03D007C807E /* main.m */; };
		1A443BD71E28B03D007C807E /* AppDelegate.m in Sources */ = {isa = PBXBuildFile; fileRef = 1A443BD61E28B03D007C807E /* AppDelegate.m */; };
		1A443BDA1E28B03D007C807E /* ViewController.m in Sources */ = {isa = PBXBuildFile; fileRef = 1A443BD91E28B03D007C807E /* ViewController.m */; };
		1A443BDD1E28B03D007C807E /* Main.storyboard in Resources */ = {isa = PBXBuildFile; fileRef = 1A443BDB1E28B03D007C807E /* Main.storyboard */; };
		1A443BDF1E28B03D007C807E /* Assets.xcassets in Resources */ = {isa = PBXBuildFile; fileRef = 1A443BDE1E28B03D007C807E /* Assets.xcassets */; };
		1A443BE21E28B03D007C807E /* LaunchScreen.storyboard in Resources */ = {isa = PBXBuildFile; fileRef = 1A443BE01E28B03D007C807E /* LaunchScreen.storyboard */; };
		1A443BF11E28B052007C807E /* ZYDownloadProgressView.m in Sources */ = {isa = PBXBuildFile; fileRef = 1A443BEB1E28B052007C807E /* ZYDownloadProgressView.m */; };
		1A443BF21E28B052007C807E /* ZYProgressBar.m in Sources */ = {isa = PBXBuildFile; fileRef = 1A443BEE1E28B052007C807E /* ZYProgressBar.m */; };
		1A443BF31E28B052007C807E /* ZYProgressIndicator.m in Sources */ = {isa = PBXBuildFile; fileRef = 1A443BF01E28B052007C807E /* ZYProgressIndicator.m */; };
/* End PBXBuildFile section */

/* Begin PBXFileReference section */
		1A443BCF1E28B03D007C807E /* ZYDownloadProgress.app */ = {isa = PBXFileReference; explicitFileType = wrapper.application; includeInIndex = 0; path = ZYDownloadProgress.app; sourceTree = BUILT_PRODUCTS_DIR; };
		1A443BD31E28B03D007C807E /* main.m */ = {isa = PBXFileReference; lastKnownFileType = sourcecode.c.objc; path = main.m; sourceTree = "<group>"; };
		1A443BD51E28B03D007C807E /* AppDelegate.h */ = {isa = PBXFileReference; lastKnownFileType = sourcecode.c.h; path = AppDelegate.h; sourceTree = "<group>"; };
		1A443BD61E28B03D007C807E /* AppDelegate.m */ = {isa = PBXFileReference; lastKnownFileType = sourcecode.c.objc; path = AppDelegate.m; sourceTree = "<group>"; };
		1A443BD81E28B03D007C807E /* ViewController.h */ = {isa = PBXFileReference; lastKnownFileType = sourcecode.c.h; path = ViewController.h; sourceTree = "<group>"; };
		1A443BD91E28B03D007C807E /* ViewController.m */ = {isa = PBXFileReference; lastKnownFileType = sourcecode.c.objc; path = ViewController.m; sourceTree = "<group>"; };
		1A443BDC1E28B03D007C807E /* Base */ = {isa = PBXFileReference; lastKnownFileType = file.storyboard; name = Base; path = Base.lproj/Main.storyboard; sourceTree = "<group>"; };
		1A443BDE1E28B03D007C807E /* Assets.xcassets */ = {isa = PBXFileReference; lastKnownFileType = folder.assetcatalog; path = Assets.xcassets; sourceTree = "<group>"; };
		1A443BE11E28B03D007C807E /* Base */ = {isa = PBXFileReference; lastKnownFileType = file.storyboard; name = Base; path = Base.lproj/LaunchScreen.storyboard; sourceTree = "<group>"; };
		1A443BE31E28B03D007C807E /* Info.plist */ = {isa = PBXFileReference; lastKnownFileType = text.plist.xml; path = Info.plist; sourceTree = "<group>"; };
		1A443BEA1E28B052007C807E /* ZYDownloadProgressView.h */ = {isa = PBXFileReference; fileEncoding = 4; lastKnownFileType = sourcecode.c.h; path = ZYDownloadProgressView.h; sourceTree = "<group>"; };
		1A443BEB1E28B052007C807E /* ZYDownloadProgressView.m */ = {isa = PBXFileReference; fileEncoding = 4; lastKnownFileType = sourcecode.c.objc; path = ZYDownloadProgressView.m; sourceTree = "<group>"; };
		1A443BED1E28B052007C807E /* ZYProgressBar.h */ = {isa = PBXFileReference; fileEncoding = 4; lastKnownFileType = sourcecode.c.h; path = ZYProgressBar.h; sourceTree = "<group>"; };
		1A443BEE1E28B052007C807E /* ZYProgressBar.m */ = {isa = PBXFileReference; fileEncoding = 4; lastKnownFileType = sourcecode.c.objc; path = ZYProgressBar.m; sourceTree = "<group>"; };
		1A443BEF1E28B052007C807E /* ZYProgressIndicator.h */ = {isa = PBXFileReference; fileEncoding = 4; lastKnownFileType = sourcecode.c.h; path = ZYProgressIndicator.h; sourceTree = "<group>"; };
		1A443BF01E28B052007C807E /* ZYProgressIndicator.m */ = {isa = PBXFileReference; fileEncoding = 4; lastKnownFileType = sourcecode.c.objc; path = ZYProgressIndicator.m; sourceTree = "<group>"; };
/* End PBXFileReference section */

/* Begin PBXFrameworksBuildPhase section */
		1A443BCC1E28B03D007C807E /* Frameworks */ = {
			isa = PBXFrameworksBuildPhase;
			buildActionMask = 2147483647;
			files = (
			);
			runOnlyForDeploymentPostprocessing = 0;
		};
/* End PBXFrameworksBuildPhase section */

/* Begin PBXGroup section */
		1A443BC61E28B03D007C807E = {
			isa = PBXGroup;
			children = (
				1A443BD11E28B03D007C807E /* ZYDownloadProgress */,
				1A443BD01E28B03D007C807E /* Products */,
			);
			sourceTree = "<group>";
		};
		1A443BD01E28B03D007C807E /* Products */ = {
			isa = PBXGroup;
			children = (
				1A443BCF1E28B03D007C807E /* ZYDownloadProgress.app */,
			);
			name = Products;
			sourceTree = "<group>";
		};
		1A443BD11E28B03D007C807E /* ZYDownloadProgress */ = {
			isa = PBXGroup;
			children = (
				1A443BE91E28B052007C807E /* ZYDownloadProgress */,
				1A443BEC1E28B052007C807E /* ZYProgressBar */,
				1A443BD51E28B03D007C807E /* AppDelegate.h */,
				1A443BD61E28B03D007C807E /* AppDelegate.m */,
				1A443BD81E28B03D007C807E /* ViewController.h */,
				1A443BD91E28B03D007C807E /* ViewController.m */,
				1A443BDB1E28B03D007C807E /* Main.storyboard */,
				1A443BDE1E28B03D007C807E /* Assets.xcassets */,
				1A443BE01E28B03D007C807E /* LaunchScreen.storyboard */,
				1A443BE31E28B03D007C807E /* Info.plist */,
				1A443BD21E28B03D007C807E /* Supporting Files */,
			);
			path = ZYDownloadProgress;
			sourceTree = "<group>";
		};
		1A443BD21E28B03D007C807E /* Supporting Files */ = {
			isa = PBXGroup;
			children = (
				1A443BD31E28B03D007C807E /* main.m */,
			);
			name = "Supporting Files";
			sourceTree = "<group>";
		};
		1A443BE91E28B052007C807E /* ZYDownloadProgress */ = {
			isa = PBXGroup;
			children = (
				1A443BEA1E28B052007C807E /* ZYDownloadProgressView.h */,
				1A443BEB1E28B052007C807E /* ZYDownloadProgressView.m */,
			);
			path = ZYDownloadProgress;
			sourceTree = "<group>";
		};
		1A443BEC1E28B052007C807E /* ZYProgressBar */ = {
			isa = PBXGroup;
			children = (
				1A443BED1E28B052007C807E /* ZYProgressBar.h */,
				1A443BEE1E28B052007C807E /* ZYProgressBar.m */,
				1A443BEF1E28B052007C807E /* ZYProgressIndicator.h */,
				1A443BF01E28B052007C807E /* ZYProgressIndicator.m */,
			);
			path = ZYProgressBar;
			sourceTree = "<group>";
		};
/* End PBXGroup section */

/* Begin PBXNativeTarget section */
		1A443BCE1E28B03D007C807E /* ZYDownloadProgress */ = {
			isa = PBXNativeTarget;
			buildConfigurationList = 1A443BE61E28B03D007C807E /* Build configuration list for PBXNativeTarget "ZYDownloadProgress" */;
			buildPhases = (
				1A443BCB1E28B03D007C807E /* Sources */,
				1A443BCC1E28B03D007C807E /* Frameworks */,
				1A443BCD1E28B03D007C807E /* Resources */,
			);
			buildRules = (
			);
			dependencies = (
			);
			name = ZYDownloadProgress;
			productName = ZYDownloadProgress;
			productReference = 1A443BCF1E28B03D007C807E /* ZYDownloadProgress.app */;
			productType = "com.apple.product-type.application";
		};
/* End PBXNativeTarget section */

/* Begin PBXProject section */
		1A443BC71E28B03D007C807E /* Project object */ = {
			isa = PBXProject;
			attributes = {
				LastUpgradeCheck = 0810;
				ORGANIZATIONNAME = zY;
				TargetAttributes = {
					1A443BCE1E28B03D007C807E = {
						CreatedOnToolsVersion = 8.1;
						DevelopmentTeam = NDF3RG6KW7;
						ProvisioningStyle = Automatic;
					};
				};
			};
			buildConfigurationList = 1A443BCA1E28B03D007C807E /* Build configuration list for PBXProject "ZYDownloadProgress" */;
			compatibilityVersion = "Xcode 3.2";
			developmentRegion = English;
			hasScannedForEncodings = 0;
			knownRegions = (
				en,
				Base,
			);
			mainGroup = 1A443BC61E28B03D007C807E;
			productRefGroup = 1A443BD01E28B03D007C807E /* Products */;
			projectDirPath = "";
			projectRoot = "";
			targets = (
				1A443BCE1E28B03D007C807E /* ZYDownloadProgress */,
			);
		};
/* End PBXProject section */

/* Begin PBXResourcesBuildPhase section */
		1A443BCD1E28B03D007C807E /* Resources */ = {
			isa = PBXResourcesBuildPhase;
			buildActionMask = 2147483647;
			files = (
				1A443BE21E28B03D007C807E /* LaunchScreen.storyboard in Resources */,
				1A443BDF1E28B03D007C807E /* Assets.xcassets in Resources */,
				1A443BDD1E28B03D007C807E /* Main.storyboard in Resources */,
			);
			runOnlyForDeploymentPostprocessing = 0;
		};
/* End PBXResourcesBuildPhase section */

/* Begin PBXSourcesBuildPhase section */
		1A443BCB1E28B03D007C807E /* Sources */ = {
			isa = PBXSourcesBuildPhase;
			buildActionMask = 2147483647;
			files = (
				1A443BDA1E28B03D007C807E /* ViewController.m in Sources */,
				1A443BD71E28B03D007C807E /* AppDelegate.m in Sources */,
				1A443BF11E28B052007C807E /* ZYDownloadProgressView.m in Sources */,
				1A443BD41E28B03D007C807E /* main.m in Sources */,
				1A443BF21E28B052007C807E /* ZYProgressBar.m in Sources */,
				1A443BF31E28B052007C807E /* ZYProgressIndicator.m in Sources */,
			);
			runOnlyForDeploymentPostprocessing = 0;
		};
/* End PBXSourcesBuildPhase section */

/* Begin PBXVariantGroup section */
		1A443BDB1E28B03D007C807E /* Main.storyboard */ = {
			isa = PBXVariantGroup;
			children = (
				1A443BDC1E28B03D007C807E /* Base */,
			);
			name = Main.storyboard;
			sourceTree = "<group>";
		};
		1A443BE01E28B03D007C807E /* LaunchScreen.storyboard */ = {
			isa = PBXVariantGroup;
			children = (
				1A443BE11E28B03D007C807E /* Base */,
			);
			name = LaunchScreen.storyboard;
			sourceTree = "<group>";
		};
/* End PBXVariantGroup section */

/* Begin XCBuildConfiguration section */
		1A443BE41E28B03D007C807E /* Debug */ = {
			isa = XCBuildConfiguration;
			buildSettings = {
				ALWAYS_SEARCH_USER_PATHS = NO;
				CLANG_ANALYZER_NONNULL = YES;
				CLANG_CXX_LANGUAGE_STANDARD = "gnu++0x";
				CLANG_CXX_LIBRARY = "libc++";
				CLANG_ENABLE_MODULES = YES;
				CLANG_ENABLE_OBJC_ARC = YES;
				CLANG_WARN_BOOL_CONVERSION = YES;
				CLANG_WARN_CONSTANT_CONVERSION = YES;
				CLANG_WARN_DIRECT_OBJC_ISA_USAGE = YES_ERROR;
				CLANG_WARN_DOCUMENTATION_COMMENTS = YES;
				CLANG_WARN_EMPTY_BODY = YES;
				CLANG_WARN_ENUM_CONVERSION = YES;
				CLANG_WARN_INFINITE_RECURSION = YES;
				CLANG_WARN_INT_CONVERSION = YES;
				CLANG_WARN_OBJC_ROOT_CLASS = YES_ERROR;
				CLANG_WARN_SUSPICIOUS_MOVES = YES;
				CLANG_WARN_UNREACHABLE_CODE = YES;
				CLANG_WARN__DUPLICATE_METHOD_MATCH = YES;
				"CODE_SIGN_IDENTITY[sdk=iphoneos*]" = "iPhone Developer";
				COPY_PHASE_STRIP = NO;
				DEBUG_INFORMATION_FORMAT = dwarf;
				ENABLE_STRICT_OBJC_MSGSEND = YES;
				ENABLE_TESTABILITY = YES;
				GCC_C_LANGUAGE_STANDARD = gnu99;
				GCC_DYNAMIC_NO_PIC = NO;
				GCC_NO_COMMON_BLOCKS = YES;
				GCC_OPTIMIZATION_LEVEL = 0;
				GCC_PREPROCESSOR_DEFINITIONS = (
					"DEBUG=1",
					"$(inherited)",
				);
				GCC_WARN_64_TO_32_BIT_CONVERSION = YES;
				GCC_WARN_ABOUT_RETURN_TYPE = YES_ERROR;
				GCC_WARN_UNDECLARED_SELECTOR = YES;
				GCC_WARN_UNINITIALIZED_AUTOS = YES_AGGRESSIVE;
				GCC_WARN_UNUSED_FUNCTION = YES;
				GCC_WARN_UNUSED_VARIABLE = YES;
				IPHONEOS_DEPLOYMENT_TARGET = 10.1;
				MTL_ENABLE_DEBUG_INFO = YES;
				ONLY_ACTIVE_ARCH = YES;
				SDKROOT = iphoneos;
			};
			name = Debug;
		};
		1A443BE51E28B03D007C807E /* Release */ = {
			isa = XCBuildConfiguration;
			buildSettings = {
				ALWAYS_SEARCH_USER_PATHS = NO;
				CLANG_ANALYZER_NONNULL = YES;
				CLANG_CXX_LANGUAGE_STANDARD = "gnu++0x";
				CLANG_CXX_LIBRARY = "libc++";
				CLANG_ENABLE_MODULES = YES;
				CLANG_ENABLE_OBJC_ARC = YES;
				CLANG_WARN_BOOL_CONVERSION = YES;
				CLANG_WARN_CONSTANT_CONVERSION = YES;
				CLANG_WARN_DIRECT_OBJC_ISA_USAGE = YES_ERROR;
				CLANG_WARN_DOCUMENTATION_COMMENTS = YES;
				CLANG_WARN_EMPTY_BODY = YES;
				CLANG_WARN_ENUM_CONVERSION = YES;
				CLANG_WARN_INFINITE_RECURSION = YES;
				CLANG_WARN_INT_CONVERSION = YES;
				CLANG_WARN_OBJC_ROOT_CLASS = YES_ERROR;
				CLANG_WARN_SUSPICIOUS_MOVES = YES;
				CLANG_WARN_UNREACHABLE_CODE = YES;
				CLANG_WARN__DUPLICATE_METHOD_MATCH = YES;
				"CODE_SIGN_IDENTITY[sdk=iphoneos*]" = "iPhone Developer";
				COPY_PHASE_STRIP = NO;
				DEBUG_INFORMATION_FORMAT = "dwarf-with-dsym";
				ENABLE_NS_ASSERTIONS = NO;
				ENABLE_STRICT_OBJC_MSGSEND = YES;
				GCC_C_LANGUAGE_STANDARD = gnu99;
				GCC_NO_COMMON_BLOCKS = YES;
				GCC_WARN_64_TO_32_BIT_CONVERSION = YES;
				GCC_WARN_ABOUT_RETURN_TYPE = YES_ERROR;
				GCC_WARN_UNDECLARED_SELECTOR = YES;
				GCC_WARN_UNINITIALIZED_AUTOS = YES_AGGRESSIVE;
				GCC_WARN_UNUSED_FUNCTION = YES;
				GCC_WARN_UNUSED_VARIABLE = YES;
				IPHONEOS_DEPLOYMENT_TARGET = 10.1;
				MTL_ENABLE_DEBUG_INFO = NO;
				SDKROOT = iphoneos;
				VALIDATE_PRODUCT = YES;
			};
			name = Release;
		};
		1A443BE71E28B03D007C807E /* Debug */ = {
			isa = XCBuildConfiguration;
			buildSettings = {
				ASSETCATALOG_COMPILER_APPICON_NAME = AppIcon;
				DEVELOPMENT_TEAM = NDF3RG6KW7;
				INFOPLIST_FILE = ZYDownloadProgress/Info.plist;
				LD_RUNPATH_SEARCH_PATHS = "$(inherited) @executable_path/Frameworks";
				PRODUCT_BUNDLE_IDENTIFIER = karthus.ZYDownloadProgress;
				PRODUCT_NAME = "$(TARGET_NAME)";
			};
			name = Debug;
		};
		1A443BE81E28B03D007C807E /* Release */ = {
			isa = XCBuildConfiguration;
			buildSettings = {
				ASSETCATALOG_COMPILER_APPICON_NAME = AppIcon;
				DEVELOPMENT_TEAM = NDF3RG6KW7;
				INFOPLIST_FILE = ZYDownloadProgress/Info.plist;
				LD_RUNPATH_SEARCH_PATHS = "$(inherited) @executable_path/Frameworks";
				PRODUCT_BUNDLE_IDENTIFIER = karthus.ZYDownloadProgress;
				PRODUCT_NAME = "$(TARGET_NAME)";
			};
			name = Release;
		};
/* End XCBuildConfiguration section */

/* Begin XCConfigurationList section */
		1A443BCA1E28B03D007C807E /* Build configuration list for PBXProject "ZYDownloadProgress" */ = {
			isa = XCConfigurationList;
			buildConfigurations = (
				1A443BE41E28B03D007C807E /* Debug */,
				1A443BE51E28B03D007C807E /* Release */,
			);
			defaultConfigurationIsVisible = 0;
			defaultConfigurationName = Release;
		};
		1A443BE61E28B03D007C807E /* Build configuration list for PBXNativeTarget "ZYDownloadProgress" */ = {
			isa = XCConfigurationList;
			buildConfigurations = (
				1A443BE71E28B03D007C807E /* Debug */,
				1A443BE81E28B03D007C807E /* Release */,
			);
			defaultConfigurationIsVisible = 0;
		};
/* End XCConfigurationList section */
	};
	rootObject = 1A443BC71E28B03D007C807E /* Project object */;
}
